// !$*UTF8*$!
{
	archiveVersion = 1;
	classes = {
	};
	objectVersion = 54;
	objects = {

/* Begin PBXBuildFile section */
		28CF4C2F6F0CC995BF47D2A8 /* SpendView.swift in Sources */ = {isa = PBXBuildFile; fileRef = E2AD93E47FCB85E64A9F0E87 /* SpendView.swift */; };
		558DFEDBD9CE52D61ABC9B6F /* ContentView.swift in Sources */ = {isa = PBXBuildFile; fileRef = 12481309373F3A45A29EAA23 /* ContentView.swift */; };
		9CEA91A4F82A7BBE207992FB /* AllowanceStore.swift in Sources */ = {isa = PBXBuildFile; fileRef = 418DD59A962081EC6856E4D2 /* AllowanceStore.swift */; };
		9D111F435E486D5F24CD40A3 /* ChoreManagementView.swift in Sources */ = {isa = PBXBuildFile; fileRef = 27570F7E979FCF689A082177 /* ChoreManagementView.swift */; };
		A7079DB999C8B400552552E0 /* ChildSelectionView.swift in Sources */ = {isa = PBXBuildFile; fileRef = BD36C12602E0B2108A16CFAC /* ChildSelectionView.swift */; };
		AEDE7A3DBBFE33141C3E6DBF /* Assets.xcassets in Resources */ = {isa = PBXBuildFile; fileRef = 6EA3C5003CC482A7087985E0 /* Assets.xcassets */; };
		C85FE45C14D7048B7625F776 /* AllowanceApp.swift in Sources */ = {isa = PBXBuildFile; fileRef = 45288918C6B11D412151019E /* AllowanceApp.swift */; };
		D02BA9C9ED1FE25E47439980 /* Models.swift in Sources */ = {isa = PBXBuildFile; fileRef = FDFA2C85EB8DFB92BB3EABA3 /* Models.swift */; };
		D4DE76B0075112D2ADBFDB30 /* HistoryView.swift in Sources */ = {isa = PBXBuildFile; fileRef = 57A8A7A2185A66EE62FD5A10 /* HistoryView.swift */; };
		D5EB17808BFC2529490F380D /* DashboardView.swift in Sources */ = {isa = PBXBuildFile; fileRef = 5015173C7CEA45CA5693EE7D /* DashboardView.swift */; };
		F69108929D651C7961F035B9 /* Foundation.framework in Frameworks */ = {isa = PBXBuildFile; fileRef = 303614888DD56A54F7D8197E /* Foundation.framework */; };
/* End PBXBuildFile section */

/* Begin PBXFileReference section */
		12481309373F3A45A29EAA23 /* ContentView.swift */ = {isa = PBXFileReference; includeInIndex = 1; lastKnownFileType = sourcecode.swift; path = ContentView.swift; sourceTree = "<group>"; };
		27570F7E979FCF689A082177 /* ChoreManagementView.swift */ = {isa = PBXFileReference; includeInIndex = 1; lastKnownFileType = sourcecode.swift; path = ChoreManagementView.swift; sourceTree = "<group>"; };
		303614888DD56A54F7D8197E /* Foundation.framework */ = {isa = PBXFileReference; lastKnownFileType = wrapper.framework; name = Foundation.framework; path = Platforms/iPhoneOS.platform/Developer/SDKs/iPhoneOS18.0.sdk/System/Library/Frameworks/Foundation.framework; sourceTree = DEVELOPER_DIR; };
		418DD59A962081EC6856E4D2 /* AllowanceStore.swift */ = {isa = PBXFileReference; includeInIndex = 1; lastKnownFileType = sourcecode.swift; path = AllowanceStore.swift; sourceTree = "<group>"; };
		45288918C6B11D412151019E /* AllowanceApp.swift */ = {isa = PBXFileReference; includeInIndex = 1; lastKnownFileType = sourcecode.swift; path = AllowanceApp.swift; sourceTree = "<group>"; };
		5015173C7CEA45CA5693EE7D /* DashboardView.swift */ = {isa = PBXFileReference; includeInIndex = 1; lastKnownFileType = sourcecode.swift; path = DashboardView.swift; sourceTree = "<group>"; };
		57A8A7A2185A66EE62FD5A10 /* HistoryView.swift */ = {isa = PBXFileReference; includeInIndex = 1; lastKnownFileType = sourcecode.swift; path = HistoryView.swift; sourceTree = "<group>"; };
		59EB0C827975CA3C8E09554E /* Allowance.app */ = {isa = PBXFileReference; explicitFileType = wrapper.application; includeInIndex = 0; path = Allowance.app; sourceTree = BUILT_PRODUCTS_DIR; };
		6EA3C5003CC482A7087985E0 /* Assets.xcassets */ = {isa = PBXFileReference; includeInIndex = 1; lastKnownFileType = folder.assetcatalog; path = Assets.xcassets; sourceTree = "<group>"; };
		BD36C12602E0B2108A16CFAC /* ChildSelectionView.swift */ = {isa = PBXFileReference; includeInIndex = 1; lastKnownFileType = sourcecode.swift; path = ChildSelectionView.swift; sourceTree = "<group>"; };
		E2AD93E47FCB85E64A9F0E87 /* SpendView.swift */ = {isa = PBXFileReference; includeInIndex = 1; lastKnownFileType = sourcecode.swift; path = SpendView.swift; sourceTree = "<group>"; };
		FDFA2C85EB8DFB92BB3EABA3 /* Models.swift */ = {isa = PBXFileReference; includeInIndex = 1; lastKnownFileType = sourcecode.swift; path = Models.swift; sourceTree = "<group>"; };
/* End PBXFileReference section */

/* Begin PBXFrameworksBuildPhase section */
		7F6D53427C72FB253837627D /* Frameworks */ = {
			isa = PBXFrameworksBuildPhase;
			buildActionMask = 2147483647;
			files = (
				F69108929D651C7961F035B9 /* Foundation.framework in Frameworks */,
			);
			runOnlyForDeploymentPostprocessing = 0;
		};
/* End PBXFrameworksBuildPhase section */

/* Begin PBXGroup section */
		029F827A442362F08F746EE7 /* Allowance */ = {
			isa = PBXGroup;
			children = (
				03DED77DD875D79500B692B9 /* Models */,
				FF24EE68BEBEB1C004797721 /* ViewModels */,
				0CE70AD9D73E788DD3FDF0FE /* Views */,
				BE2ACA42AB4A35FCED3AC8B6 /* Resources */,
				45288918C6B11D412151019E /* AllowanceApp.swift */,
			);
			path = Allowance;
			sourceTree = "<group>";
		};
		03DED77DD875D79500B692B9 /* Models */ = {
			isa = PBXGroup;
			children = (
				FDFA2C85EB8DFB92BB3EABA3 /* Models.swift */,
			);
			path = Models;
			sourceTree = "<group>";
		};
		0CE70AD9D73E788DD3FDF0FE /* Views */ = {
			isa = PBXGroup;
			children = (
				12481309373F3A45A29EAA23 /* ContentView.swift */,
				BD36C12602E0B2108A16CFAC /* ChildSelectionView.swift */,
				5015173C7CEA45CA5693EE7D /* DashboardView.swift */,
				27570F7E979FCF689A082177 /* ChoreManagementView.swift */,
				E2AD93E47FCB85E64A9F0E87 /* SpendView.swift */,
				57A8A7A2185A66EE62FD5A10 /* HistoryView.swift */,
			);
			path = Views;
			sourceTree = "<group>";
		};
		84BBF696B937A50C542B2248 = {
			isa = PBXGroup;
			children = (
				FCEA6EAC369DAC5DC132A1F0 /* Products */,
				E03C63B2EAABA42A9660BF69 /* Frameworks */,
				029F827A442362F08F746EE7 /* Allowance */,
			);
			sourceTree = "<group>";
		};
		A094E2AC6BF82004236E1B50 /* iOS */ = {
			isa = PBXGroup;
			children = (
				303614888DD56A54F7D8197E /* Foundation.framework */,
			);
			name = iOS;
			sourceTree = "<group>";
		};
		BE2ACA42AB4A35FCED3AC8B6 /* Resources */ = {
			isa = PBXGroup;
			children = (
				6EA3C5003CC482A7087985E0 /* Assets.xcassets */,
			);
			path = Resources;
			sourceTree = "<group>";
		};
		E03C63B2EAABA42A9660BF69 /* Frameworks */ = {
			isa = PBXGroup;
			children = (
				A094E2AC6BF82004236E1B50 /* iOS */,
			);
			name = Frameworks;
			sourceTree = "<group>";
		};
		FCEA6EAC369DAC5DC132A1F0 /* Products */ = {
			isa = PBXGroup;
			children = (
				59EB0C827975CA3C8E09554E /* Allowance.app */,
			);
			name = Products;
			sourceTree = "<group>";
		};
		FF24EE68BEBEB1C004797721 /* ViewModels */ = {
			isa = PBXGroup;
			children = (
				418DD59A962081EC6856E4D2 /* AllowanceStore.swift */,
			);
			path = ViewModels;
			sourceTree = "<group>";
		};
/* End PBXGroup section */

/* Begin PBXNativeTarget section */
		8B2425FE086BEF583B3D0C87 /* Allowance */ = {
			isa = PBXNativeTarget;
			buildConfigurationList = 8B897B34E69CAAEAB22FC41B /* Build configuration list for PBXNativeTarget "Allowance" */;
			buildPhases = (
				3AEAE94551000FD293B92B14 /* Sources */,
				7F6D53427C72FB253837627D /* Frameworks */,
				652834D01E2E7E69BF467CE1 /* Resources */,
			);
			buildRules = (
			);
			dependencies = (
			);
			name = Allowance;
			productName = Allowance;
			productReference = 59EB0C827975CA3C8E09554E /* Allowance.app */;
			productType = "com.apple.product-type.application";
		};
/* End PBXNativeTarget section */

/* Begin PBXProject section */
		F4862CD658D9FC77F096C367 /* Project object */ = {
			isa = PBXProject;
			attributes = {
				BuildIndependentTargetsInParallel = YES;
				LastSwiftUpdateCheck = 1600;
				LastUpgradeCheck = 2600;
			};
			buildConfigurationList = 2A58CFD56D345A55725B5645 /* Build configuration list for PBXProject "Allowance" */;
			compatibilityVersion = "Xcode 3.2";
			developmentRegion = en;
			hasScannedForEncodings = 0;
			knownRegions = (
				en,
				Base,
			);
			mainGroup = 84BBF696B937A50C542B2248;
			productRefGroup = FCEA6EAC369DAC5DC132A1F0 /* Products */;
			projectDirPath = "";
			projectRoot = "";
			targets = (
				8B2425FE086BEF583B3D0C87 /* Allowance */,
			);
		};
/* End PBXProject section */

/* Begin PBXResourcesBuildPhase section */
		652834D01E2E7E69BF467CE1 /* Resources */ = {
			isa = PBXResourcesBuildPhase;
			buildActionMask = 2147483647;
			files = (
				AEDE7A3DBBFE33141C3E6DBF /* Assets.xcassets in Resources */,
			);
			runOnlyForDeploymentPostprocessing = 0;
		};
/* End PBXResourcesBuildPhase section */

/* Begin PBXSourcesBuildPhase section */
		3AEAE94551000FD293B92B14 /* Sources */ = {
			isa = PBXSourcesBuildPhase;
			buildActionMask = 2147483647;
			files = (
				C85FE45C14D7048B7625F776 /* AllowanceApp.swift in Sources */,
				D02BA9C9ED1FE25E47439980 /* Models.swift in Sources */,
				9CEA91A4F82A7BBE207992FB /* AllowanceStore.swift in Sources */,
				558DFEDBD9CE52D61ABC9B6F /* ContentView.swift in Sources */,
				A7079DB999C8B400552552E0 /* ChildSelectionView.swift in Sources */,
				D5EB17808BFC2529490F380D /* DashboardView.swift in Sources */,
				9D111F435E486D5F24CD40A3 /* ChoreManagementView.swift in Sources */,
				28CF4C2F6F0CC995BF47D2A8 /* SpendView.swift in Sources */,
				D4DE76B0075112D2ADBFDB30 /* HistoryView.swift in Sources */,
			);
			runOnlyForDeploymentPostprocessing = 0;
		};
/* End PBXSourcesBuildPhase section */

/* Begin XCBuildConfiguration section */
		37C533024EDCDE2BF093D6A4 /* Release */ = {
			isa = XCBuildConfiguration;
			buildSettings = {
				ALWAYS_SEARCH_USER_PATHS = NO;
				CLANG_ANALYZER_NONNULL = YES;
				CLANG_ANALYZER_NUMBER_OBJECT_CONVERSION = YES_AGGRESSIVE;
				CLANG_CXX_LANGUAGE_STANDARD = "gnu++14";
				CLANG_CXX_LIBRARY = "libc++";
				CLANG_ENABLE_MODULES = YES;
				CLANG_ENABLE_OBJC_ARC = YES;
				CLANG_ENABLE_OBJC_WEAK = YES;
				CLANG_WARN_BLOCK_CAPTURE_AUTORELEASING = YES;
				CLANG_WARN_BOOL_CONVERSION = YES;
				CLANG_WARN_COMMA = YES;
				CLANG_WARN_CONSTANT_CONVERSION = YES;
				CLANG_WARN_DEPRECATED_OBJC_IMPLEMENTATIONS = YES;
				CLANG_WARN_DIRECT_OBJC_ISA_USAGE = YES_ERROR;
				CLANG_WARN_DOCUMENTATION_COMMENTS = YES;
				CLANG_WARN_EMPTY_BODY = YES;
				CLANG_WARN_ENUM_CONVERSION = YES;
				CLANG_WARN_INFINITE_RECURSION = YES;
				CLANG_WARN_INT_CONVERSION = YES;
				CLANG_WARN_NON_LITERAL_NULL_CONVERSION = YES;
				CLANG_WARN_OBJC_IMPLICIT_RETAIN_SELF = YES;
				CLANG_WARN_OBJC_LITERAL_CONVERSION = YES;
				CLANG_WARN_OBJC_ROOT_CLASS = YES_ERROR;
				CLANG_WARN_QUOTED_INCLUDE_IN_FRAMEWORK_HEADER = YES;
				CLANG_WARN_RANGE_LOOP_ANALYSIS = YES;
				CLANG_WARN_STRICT_PROTOTYPES = YES;
				CLANG_WARN_SUSPICIOUS_MOVE = YES;
				CLANG_WARN_UNGUARDED_AVAILABILITY = YES_AGGRESSIVE;
				CLANG_WARN_UNREACHABLE_CODE = YES;
				CLANG_WARN__DUPLICATE_METHOD_MATCH = YES;
				COPY_PHASE_STRIP = NO;
				DEAD_CODE_STRIPPING = YES;
				DEBUG_INFORMATION_FORMAT = "dwarf-with-dsym";
				DEVELOPMENT_TEAM = 5ZTY6QA87P;
				ENABLE_NS_ASSERTIONS = NO;
				ENABLE_STRICT_OBJC_MSGSEND = YES;
				ENABLE_USER_SCRIPT_SANDBOXING = YES;
				GCC_C_LANGUAGE_STANDARD = gnu11;
				GCC_NO_COMMON_BLOCKS = YES;
				GCC_WARN_64_TO_32_BIT_CONVERSION = YES;
				GCC_WARN_ABOUT_RETURN_TYPE = YES_ERROR;
				GCC_WARN_UNDECLARED_SELECTOR = YES;
				GCC_WARN_UNINITIALIZED_AUTOS = YES_AGGRESSIVE;
				GCC_WARN_UNUSED_FUNCTION = YES;
				GCC_WARN_UNUSED_VARIABLE = YES;
				MTL_ENABLE_DEBUG_INFO = NO;
				MTL_FAST_MATH = YES;
				PRODUCT_NAME = "$(TARGET_NAME)";
				STRING_CATALOG_GENERATE_SYMBOLS = YES;
				SWIFT_COMPILATION_MODE = wholemodule;
				SWIFT_OPTIMIZATION_LEVEL = "-O";
				SWIFT_VERSION = 5.0;
			};
			name = Release;
		};
		7FB5A90A25FF820779FC5A8C /* Release */ = {
			isa = XCBuildConfiguration;
			buildSettings = {
				ASSETCATALOG_COMPILER_APPICON_NAME = AppIcon;
				ASSETCATALOG_COMPILER_GLOBAL_ACCENT_COLOR_NAME = AccentColor;
				CLANG_ENABLE_OBJC_WEAK = NO;
				CODE_SIGN_STYLE = Automatic;
				GENERATE_INFOPLIST_FILE = YES;
				INFOPLIST_KEY_CFBundleDisplayName = "Kids Money";
				INFOPLIST_KEY_UIApplicationSceneManifest_Generation = YES;
				INFOPLIST_KEY_UILaunchScreen_Generation = YES;
				IPHONEOS_DEPLOYMENT_TARGET = 16.0;
				LD_RUNPATH_SEARCH_PATHS = (
					"$(inherited)",
					"@executable_path/Frameworks",
				);
				PRODUCT_BUNDLE_IDENTIFIER = com.keetane.allowance;
				PRODUCT_NAME = "$(TARGET_NAME)";
				SDKROOT = iphoneos;
				SUPPORTED_PLATFORMS = "iphoneos iphonesimulator";
				SWIFT_VERSION = 5.0;
				TARGETED_DEVICE_FAMILY = "1,2";
				VALIDATE_PRODUCT = YES;
			};
			name = Release;
		};
		D43F963236E9F78739687C91 /* Debug */ = {
			isa = XCBuildConfiguration;
			buildSettings = {
				ASSETCATALOG_COMPILER_APPICON_NAME = AppIcon;
				ASSETCATALOG_COMPILER_GLOBAL_ACCENT_COLOR_NAME = AccentColor;
				CLANG_ENABLE_OBJC_WEAK = NO;
				CODE_SIGN_STYLE = Automatic;
				GENERATE_INFOPLIST_FILE = YES;
				INFOPLIST_KEY_CFBundleDisplayName = "Kids Money";
				INFOPLIST_KEY_UIApplicationSceneManifest_Generation = YES;
				INFOPLIST_KEY_UILaunchScreen_Generation = YES;
				IPHONEOS_DEPLOYMENT_TARGET = 16.0;
				LD_RUNPATH_SEARCH_PATHS = (
					"$(inherited)",
					"@executable_path/Frameworks",
				);
				PRODUCT_BUNDLE_IDENTIFIER = com.keetane.allowance;
				PRODUCT_NAME = "$(TARGET_NAME)";
				SDKROOT = iphoneos;
				SUPPORTED_PLATFORMS = "iphoneos iphonesimulator";
				SWIFT_VERSION = 5.0;
				TARGETED_DEVICE_FAMILY = "1,2";
			};
			name = Debug;
		};
		DBB446E6D4F7E3D4BD0CA63D /* Debug */ = {
			isa = XCBuildConfiguration;
			buildSettings = {
				ALWAYS_SEARCH_USER_PATHS = NO;
				CLANG_ANALYZER_NONNULL = YES;
				CLANG_ANALYZER_NUMBER_OBJECT_CONVERSION = YES_AGGRESSIVE;
				CLANG_CXX_LANGUAGE_STANDARD = "gnu++14";
				CLANG_CXX_LIBRARY = "libc++";
				CLANG_ENABLE_MODULES = YES;
				CLANG_ENABLE_OBJC_ARC = YES;
				CLANG_ENABLE_OBJC_WEAK = YES;
				CLANG_WARN_BLOCK_CAPTURE_AUTORELEASING = YES;
				CLANG_WARN_BOOL_CONVERSION = YES;
				CLANG_WARN_COMMA = YES;
				CLANG_WARN_CONSTANT_CONVERSION = YES;
				CLANG_WARN_DEPRECATED_OBJC_IMPLEMENTATIONS = YES;
				CLANG_WARN_DIRECT_OBJC_ISA_USAGE = YES_ERROR;
				CLANG_WARN_DOCUMENTATION_COMMENTS = YES;
				CLANG_WARN_EMPTY_BODY = YES;
				CLANG_WARN_ENUM_CONVERSION = YES;
				CLANG_WARN_INFINITE_RECURSION = YES;
				CLANG_WARN_INT_CONVERSION = YES;
				CLANG_WARN_NON_LITERAL_NULL_CONVERSION = YES;
				CLANG_WARN_OBJC_IMPLICIT_RETAIN_SELF = YES;
				CLANG_WARN_OBJC_LITERAL_CONVERSION = YES;
				CLANG_WARN_OBJC_ROOT_CLASS = YES_ERROR;
				CLANG_WARN_QUOTED_INCLUDE_IN_FRAMEWORK_HEADER = YES;
				CLANG_WARN_RANGE_LOOP_ANALYSIS = YES;
				CLANG_WARN_STRICT_PROTOTYPES = YES;
				CLANG_WARN_SUSPICIOUS_MOVE = YES;
				CLANG_WARN_UNGUARDED_AVAILABILITY = YES_AGGRESSIVE;
				CLANG_WARN_UNREACHABLE_CODE = YES;
				CLANG_WARN__DUPLICATE_METHOD_MATCH = YES;
				COPY_PHASE_STRIP = NO;
				DEAD_CODE_STRIPPING = YES;
				DEBUG_INFORMATION_FORMAT = dwarf;
				DEVELOPMENT_TEAM = 5ZTY6QA87P;
				ENABLE_STRICT_OBJC_MSGSEND = YES;
				ENABLE_TESTABILITY = YES;
				ENABLE_USER_SCRIPT_SANDBOXING = YES;
				GCC_C_LANGUAGE_STANDARD = gnu11;
				GCC_DYNAMIC_NO_PIC = NO;
				GCC_NO_COMMON_BLOCKS = YES;
				GCC_OPTIMIZATION_LEVEL = 0;
				GCC_PREPROCESSOR_DEFINITIONS = (
					"DEBUG=1",
					"$(inherited)",
				);
				GCC_WARN_64_TO_32_BIT_CONVERSION = YES;
				GCC_WARN_ABOUT_RETURN_TYPE = YES_ERROR;
				GCC_WARN_UNDECLARED_SELECTOR = YES;
				GCC_WARN_UNINITIALIZED_AUTOS = YES_AGGRESSIVE;
				GCC_WARN_UNUSED_FUNCTION = YES;
				GCC_WARN_UNUSED_VARIABLE = YES;
				MTL_ENABLE_DEBUG_INFO = INCLUDE_SOURCE;
				MTL_FAST_MATH = YES;
				ONLY_ACTIVE_ARCH = YES;
				PRODUCT_NAME = "$(TARGET_NAME)";
				STRING_CATALOG_GENERATE_SYMBOLS = YES;
				SWIFT_ACTIVE_COMPILATION_CONDITIONS = DEBUG;
				SWIFT_OPTIMIZATION_LEVEL = "-Onone";
				SWIFT_VERSION = 5.0;
			};
			name = Debug;
		};
/* End XCBuildConfiguration section */

/* Begin XCConfigurationList section */
		2A58CFD56D345A55725B5645 /* Build configuration list for PBXProject "Allowance" */ = {
			isa = XCConfigurationList;
			buildConfigurations = (
				DBB446E6D4F7E3D4BD0CA63D /* Debug */,
				37C533024EDCDE2BF093D6A4 /* Release */,
			);
			defaultConfigurationIsVisible = 0;
			defaultConfigurationName = Release;
		};
		8B897B34E69CAAEAB22FC41B /* Build configuration list for PBXNativeTarget "Allowance" */ = {
			isa = XCConfigurationList;
			buildConfigurations = (
				7FB5A90A25FF820779FC5A8C /* Release */,
				D43F963236E9F78739687C91 /* Debug */,
			);
			defaultConfigurationIsVisible = 0;
			defaultConfigurationName = Release;
		};
/* End XCConfigurationList section */
	};
	rootObject = F4862CD658D9FC77F096C367 /* Project object */;
}
